
Microsoft Visual Studio Solution File, Format Version 12.00
# Visual Studio 15
VisualStudioVersion = 15.0.28307.168
MinimumVisualStudioVersion = 10.0.40219.1
Project("{FAE04EC0-301F-11D3-BF4B-00C04F79EFBC}") = "PInvokeFailer", "PInvokeFailer\PInvokeFailer.csproj", "{DD622347-24F0-4283-8132-80A275E37FB4}"
EndProject
Project("{FAE04EC0-301F-11D3-BF4B-00C04F79EFBC}") = "UnitTestProject1", "UnitTestProject1\UnitTestProject1.csproj", "{9CD4D1A4-0115-406A-832E-DC430340CD41}"
EndProject
Global
	GlobalSection(SolutionConfigurationPlatforms) = preSolution
		Debug|Any CPU = Debug|Any CPU
		Release|Any CPU = Release|Any CPU
	EndGlobalSection
	GlobalSection(ProjectConfigurationPlatforms) = postSolution
		{DD622347-24F0-4283-8132-80A275E37FB4}.Debug|Any CPU.ActiveCfg = Debug|Any CPU
		{DD622347-24F0-4283-8132-80A275E37FB4}.Debug|Any CPU.Build.0 = Debug|Any CPU
		{DD622347-24F0-4283-8132-80A275E37FB4}.Release|Any CPU.ActiveCfg = Release|Any CPU
		{DD622347-24F0-4283-8132-80A275E37FB4}.Release|Any CPU.Build.0 = Release|Any CPU
		{9CD4D1A4-0115-406A-832E-DC430340CD41}.Debug|Any CPU.ActiveCfg = Debug|Any CPU
		{9CD4D1A4-0115-406A-832E-DC430340CD41}.Debug|Any CPU.Build.0 = Debug|Any CPU
		{9CD4D1A4-0115-406A-832E-DC430340CD41}.Release|Any CPU.ActiveCfg = Release|Any CPU
		{9CD4D1A4-0115-406A-832E-DC430340CD41}.Release|Any CPU.Build.0 = Release|Any CPU
	EndGlobalSection
	GlobalSection(SolutionProperties) = preSolution
		HideSolutionNode = FALSE
	EndGlobalSection
	GlobalSection(ExtensibilityGlobals) = postSolution
		SolutionGuid = {F6F6C273-A4F2-465F-A94D-D65053ED004A}
	EndGlobalSection
EndGlobal
